
Microsoft Visual Studio Solution File, Format Version 12.00
# Visual Studio Version 16
VisualStudioVersion = 16.0.30011.22
MinimumVisualStudioVersion = 10.0.40219.1
Project("{FAE04EC0-301F-11D3-BF4B-00C04F79EFBC}") = "access-database-csharp-dotnet-framework", "access-database-csharp-dotnet-framework.csproj", "{FEBD2790-BE10-45EB-A14F-53C3F1F7A2D1}"
EndProject
Global
	GlobalSection(SolutionConfigurationPlatforms) = preSolution
		Debug|Any CPU = Debug|Any CPU
		Release|Any CPU = Release|Any CPU
	EndGlobalSection
	GlobalSection(ProjectConfigurationPlatforms) = postSolution
		{FEBD2790-BE10-45EB-A14F-53C3F1F7A2D1}.Debug|Any CPU.ActiveCfg = Debug|Any CPU
		{FEBD2790-BE10-45EB-A14F-53C3F1F7A2D1}.Debug|Any CPU.Build.0 = Debug|Any CPU
		{FEBD2790-BE10-45EB-A14F-53C3F1F7A2D1}.Release|Any CPU.ActiveCfg = Release|Any CPU
		{FEBD2790-BE10-45EB-A14F-53C3F1F7A2D1}.Release|Any CPU.Build.0 = Release|Any CPU
	EndGlobalSection
	GlobalSection(SolutionProperties) = preSolution
		HideSolutionNode = FALSE
	EndGlobalSection
	GlobalSection(ExtensibilityGlobals) = postSolution
		SolutionGuid = {83EB22A5-F228-4B47-B83C-43D469D3293F}
	EndGlobalSection
EndGlobal
